// !$*UTF8*$!
{
	archiveVersion = 1;
	classes = {
	};
	objectVersion = 50;
	objects = {

/* Begin PBXBuildFile section */
		2EBACF62243C03DE00829163 /* AppDelegate.swift in Sources */ = {isa = PBXBuildFile; fileRef = 2EBACF61243C03DE00829163 /* AppDelegate.swift */; };
		2EBACF66243C03DE00829163 /* ContentView.swift in Sources */ = {isa = PBXBuildFile; fileRef = 2EBACF65243C03DE00829163 /* ContentView.swift */; };
		2EBACF68243C03E200829163 /* Assets.xcassets in Resources */ = {isa = PBXBuildFile; fileRef = 2EBACF67243C03E200829163 /* Assets.xcassets */; };
		2EBACF6B243C03E200829163 /* Preview Assets.xcassets in Resources */ = {isa = PBXBuildFile; fileRef = 2EBACF6A243C03E200829163 /* Preview Assets.xcassets */; };
		2EBACF6E243C03E200829163 /* LaunchScreen.storyboard in Resources */ = {isa = PBXBuildFile; fileRef = 2EBACF6C243C03E200829163 /* LaunchScreen.storyboard */; };
		2EBACF79243C03E200829163 /* FyusionTakeHomeTests.swift in Sources */ = {isa = PBXBuildFile; fileRef = 2EBACF78243C03E200829163 /* FyusionTakeHomeTests.swift */; };
		2EBACF84243C03E200829163 /* FyusionTakeHomeUITests.swift in Sources */ = {isa = PBXBuildFile; fileRef = 2EBACF83243C03E200829163 /* FyusionTakeHomeUITests.swift */; };
		2EBACF92243C069300829163 /* Api.swift in Sources */ = {isa = PBXBuildFile; fileRef = 2EBACF91243C069300829163 /* Api.swift */; };
/* End PBXBuildFile section */

/* Begin PBXContainerItemProxy section */
		2EBACF75243C03E200829163 /* PBXContainerItemProxy */ = {
			isa = PBXContainerItemProxy;
			containerPortal = 2EBACF56243C03DE00829163 /* Project object */;
			proxyType = 1;
			remoteGlobalIDString = 2EBACF5D243C03DE00829163;
			remoteInfo = FyusionTakeHome;
		};
		2EBACF80243C03E200829163 /* PBXContainerItemProxy */ = {
			isa = PBXContainerItemProxy;
			containerPortal = 2EBACF56243C03DE00829163 /* Project object */;
			proxyType = 1;
			remoteGlobalIDString = 2EBACF5D243C03DE00829163;
			remoteInfo = FyusionTakeHome;
		};
/* End PBXContainerItemProxy section */

/* Begin PBXFileReference section */
		2EBACF5E243C03DE00829163 /* FyusionTakeHome.app */ = {isa = PBXFileReference; explicitFileType = wrapper.application; includeInIndex = 0; path = FyusionTakeHome.app; sourceTree = BUILT_PRODUCTS_DIR; };
		2EBACF61243C03DE00829163 /* AppDelegate.swift */ = {isa = PBXFileReference; lastKnownFileType = sourcecode.swift; path = AppDelegate.swift; sourceTree = "<group>"; };
		2EBACF65243C03DE00829163 /* ContentView.swift */ = {isa = PBXFileReference; lastKnownFileType = sourcecode.swift; path = ContentView.swift; sourceTree = "<group>"; };
		2EBACF67243C03E200829163 /* Assets.xcassets */ = {isa = PBXFileReference; lastKnownFileType = folder.assetcatalog; path = Assets.xcassets; sourceTree = "<group>"; };
		2EBACF6A243C03E200829163 /* Preview Assets.xcassets */ = {isa = PBXFileReference; lastKnownFileType = folder.assetcatalog; path = "Preview Assets.xcassets"; sourceTree = "<group>"; };
		2EBACF6D243C03E200829163 /* Base */ = {isa = PBXFileReference; lastKnownFileType = file.storyboard; name = Base; path = Base.lproj/LaunchScreen.storyboard; sourceTree = "<group>"; };
		2EBACF6F243C03E200829163 /* Info.plist */ = {isa = PBXFileReference; lastKnownFileType = text.plist.xml; path = Info.plist; sourceTree = "<group>"; };
		2EBACF74243C03E200829163 /* FyusionTakeHomeTests.xctest */ = {isa = PBXFileReference; explicitFileType = wrapper.cfbundle; includeInIndex = 0; path = FyusionTakeHomeTests.xctest; sourceTree = BUILT_PRODUCTS_DIR; };
		2EBACF78243C03E200829163 /* FyusionTakeHomeTests.swift */ = {isa = PBXFileReference; lastKnownFileType = sourcecode.swift; path = FyusionTakeHomeTests.swift; sourceTree = "<group>"; };
		2EBACF7A243C03E200829163 /* Info.plist */ = {isa = PBXFileReference; lastKnownFileType = text.plist.xml; path = Info.plist; sourceTree = "<group>"; };
		2EBACF7F243C03E200829163 /* FyusionTakeHomeUITests.xctest */ = {isa = PBXFileReference; explicitFileType = wrapper.cfbundle; includeInIndex = 0; path = FyusionTakeHomeUITests.xctest; sourceTree = BUILT_PRODUCTS_DIR; };
		2EBACF83243C03E200829163 /* FyusionTakeHomeUITests.swift */ = {isa = PBXFileReference; lastKnownFileType = sourcecode.swift; path = FyusionTakeHomeUITests.swift; sourceTree = "<group>"; };
		2EBACF85243C03E200829163 /* Info.plist */ = {isa = PBXFileReference; lastKnownFileType = text.plist.xml; path = Info.plist; sourceTree = "<group>"; };
		2EBACF91243C069300829163 /* Api.swift */ = {isa = PBXFileReference; lastKnownFileType = sourcecode.swift; path = Api.swift; sourceTree = "<group>"; };
/* End PBXFileReference section */

/* Begin PBXFrameworksBuildPhase section */
		2EBACF5B243C03DE00829163 /* Frameworks */ = {
			isa = PBXFrameworksBuildPhase;
			buildActionMask = 2147483647;
			files = (
			);
			runOnlyForDeploymentPostprocessing = 0;
		};
		2EBACF71243C03E200829163 /* Frameworks */ = {
			isa = PBXFrameworksBuildPhase;
			buildActionMask = 2147483647;
			files = (
			);
			runOnlyForDeploymentPostprocessing = 0;
		};
		2EBACF7C243C03E200829163 /* Frameworks */ = {
			isa = PBXFrameworksBuildPhase;
			buildActionMask = 2147483647;
			files = (
			);
			runOnlyForDeploymentPostprocessing = 0;
		};
/* End PBXFrameworksBuildPhase section */

/* Begin PBXGroup section */
		2EBACF55243C03DE00829163 = {
			isa = PBXGroup;
			children = (
				2EBACF60243C03DE00829163 /* FyusionTakeHome */,
				2EBACF77243C03E200829163 /* FyusionTakeHomeTests */,
				2EBACF82243C03E200829163 /* FyusionTakeHomeUITests */,
				2EBACF5F243C03DE00829163 /* Products */,
			);
			sourceTree = "<group>";
		};
		2EBACF5F243C03DE00829163 /* Products */ = {
			isa = PBXGroup;
			children = (
				2EBACF5E243C03DE00829163 /* FyusionTakeHome.app */,
				2EBACF74243C03E200829163 /* FyusionTakeHomeTests.xctest */,
				2EBACF7F243C03E200829163 /* FyusionTakeHomeUITests.xctest */,
			);
			name = Products;
			sourceTree = "<group>";
		};
		2EBACF60243C03DE00829163 /* FyusionTakeHome */ = {
			isa = PBXGroup;
			children = (
				2EBACF91243C069300829163 /* Api.swift */,
				2EBACF61243C03DE00829163 /* AppDelegate.swift */,
				2EBACF65243C03DE00829163 /* ContentView.swift */,
				2EBACF67243C03E200829163 /* Assets.xcassets */,
				2EBACF6C243C03E200829163 /* LaunchScreen.storyboard */,
				2EBACF6F243C03E200829163 /* Info.plist */,
				2EBACF69243C03E200829163 /* Preview Content */,
			);
			path = FyusionTakeHome;
			sourceTree = "<group>";
		};
		2EBACF69243C03E200829163 /* Preview Content */ = {
			isa = PBXGroup;
			children = (
				2EBACF6A243C03E200829163 /* Preview Assets.xcassets */,
			);
			path = "Preview Content";
			sourceTree = "<group>";
		};
		2EBACF77243C03E200829163 /* FyusionTakeHomeTests */ = {
			isa = PBXGroup;
			children = (
				2EBACF78243C03E200829163 /* FyusionTakeHomeTests.swift */,
				2EBACF7A243C03E200829163 /* Info.plist */,
			);
			path = FyusionTakeHomeTests;
			sourceTree = "<group>";
		};
		2EBACF82243C03E200829163 /* FyusionTakeHomeUITests */ = {
			isa = PBXGroup;
			children = (
				2EBACF83243C03E200829163 /* FyusionTakeHomeUITests.swift */,
				2EBACF85243C03E200829163 /* Info.plist */,
			);
			path = FyusionTakeHomeUITests;
			sourceTree = "<group>";
		};
/* End PBXGroup section */

/* Begin PBXNativeTarget section */
		2EBACF5D243C03DE00829163 /* FyusionTakeHome */ = {
			isa = PBXNativeTarget;
			buildConfigurationList = 2EBACF88243C03E200829163 /* Build configuration list for PBXNativeTarget "FyusionTakeHome" */;
			buildPhases = (
				2EBACF5A243C03DE00829163 /* Sources */,
				2EBACF5B243C03DE00829163 /* Frameworks */,
				2EBACF5C243C03DE00829163 /* Resources */,
			);
			buildRules = (
			);
			dependencies = (
			);
			name = FyusionTakeHome;
			productName = FyusionTakeHome;
			productReference = 2EBACF5E243C03DE00829163 /* FyusionTakeHome.app */;
			productType = "com.apple.product-type.application";
		};
		2EBACF73243C03E200829163 /* FyusionTakeHomeTests */ = {
			isa = PBXNativeTarget;
			buildConfigurationList = 2EBACF8B243C03E200829163 /* Build configuration list for PBXNativeTarget "FyusionTakeHomeTests" */;
			buildPhases = (
				2EBACF70243C03E200829163 /* Sources */,
				2EBACF71243C03E200829163 /* Frameworks */,
				2EBACF72243C03E200829163 /* Resources */,
			);
			buildRules = (
			);
			dependencies = (
				2EBACF76243C03E200829163 /* PBXTargetDependency */,
			);
			name = FyusionTakeHomeTests;
			productName = FyusionTakeHomeTests;
			productReference = 2EBACF74243C03E200829163 /* FyusionTakeHomeTests.xctest */;
			productType = "com.apple.product-type.bundle.unit-test";
		};
		2EBACF7E243C03E200829163 /* FyusionTakeHomeUITests */ = {
			isa = PBXNativeTarget;
			buildConfigurationList = 2EBACF8E243C03E200829163 /* Build configuration list for PBXNativeTarget "FyusionTakeHomeUITests" */;
			buildPhases = (
				2EBACF7B243C03E200829163 /* Sources */,
				2EBACF7C243C03E200829163 /* Frameworks */,
				2EBACF7D243C03E200829163 /* Resources */,
			);
			buildRules = (
			);
			dependencies = (
				2EBACF81243C03E200829163 /* PBXTargetDependency */,
			);
			name = FyusionTakeHomeUITests;
			productName = FyusionTakeHomeUITests;
			productReference = 2EBACF7F243C03E200829163 /* FyusionTakeHomeUITests.xctest */;
			productType = "com.apple.product-type.bundle.ui-testing";
		};
/* End PBXNativeTarget section */

/* Begin PBXProject section */
		2EBACF56243C03DE00829163 /* Project object */ = {
			isa = PBXProject;
			attributes = {
				LastSwiftUpdateCheck = 1130;
				LastUpgradeCheck = 1130;
				ORGANIZATIONNAME = "Kirill Dubovitskiy";
				TargetAttributes = {
					2EBACF5D243C03DE00829163 = {
						CreatedOnToolsVersion = 11.3.1;
					};
					2EBACF73243C03E200829163 = {
						CreatedOnToolsVersion = 11.3.1;
						TestTargetID = 2EBACF5D243C03DE00829163;
					};
					2EBACF7E243C03E200829163 = {
						CreatedOnToolsVersion = 11.3.1;
						TestTargetID = 2EBACF5D243C03DE00829163;
					};
				};
			};
			buildConfigurationList = 2EBACF59243C03DE00829163 /* Build configuration list for PBXProject "FyusionTakeHome" */;
			compatibilityVersion = "Xcode 9.3";
			developmentRegion = en;
			hasScannedForEncodings = 0;
			knownRegions = (
				en,
				Base,
			);
			mainGroup = 2EBACF55243C03DE00829163;
			productRefGroup = 2EBACF5F243C03DE00829163 /* Products */;
			projectDirPath = "";
			projectRoot = "";
			targets = (
				2EBACF5D243C03DE00829163 /* FyusionTakeHome */,
				2EBACF73243C03E200829163 /* FyusionTakeHomeTests */,
				2EBACF7E243C03E200829163 /* FyusionTakeHomeUITests */,
			);
		};
/* End PBXProject section */

/* Begin PBXResourcesBuildPhase section */
		2EBACF5C243C03DE00829163 /* Resources */ = {
			isa = PBXResourcesBuildPhase;
			buildActionMask = 2147483647;
			files = (
				2EBACF6E243C03E200829163 /* LaunchScreen.storyboard in Resources */,
				2EBACF6B243C03E200829163 /* Preview Assets.xcassets in Resources */,
				2EBACF68243C03E200829163 /* Assets.xcassets in Resources */,
			);
			runOnlyForDeploymentPostprocessing = 0;
		};
		2EBACF72243C03E200829163 /* Resources */ = {
			isa = PBXResourcesBuildPhase;
			buildActionMask = 2147483647;
			files = (
			);
			runOnlyForDeploymentPostprocessing = 0;
		};
		2EBACF7D243C03E200829163 /* Resources */ = {
			isa = PBXResourcesBuildPhase;
			buildActionMask = 2147483647;
			files = (
			);
			runOnlyForDeploymentPostprocessing = 0;
		};
/* End PBXResourcesBuildPhase section */

/* Begin PBXSourcesBuildPhase section */
		2EBACF5A243C03DE00829163 /* Sources */ = {
			isa = PBXSourcesBuildPhase;
			buildActionMask = 2147483647;
			files = (
				2EBACF92243C069300829163 /* Api.swift in Sources */,
				2EBACF62243C03DE00829163 /* AppDelegate.swift in Sources */,
				2EBACF66243C03DE00829163 /* ContentView.swift in Sources */,
			);
			runOnlyForDeploymentPostprocessing = 0;
		};
		2EBACF70243C03E200829163 /* Sources */ = {
			isa = PBXSourcesBuildPhase;
			buildActionMask = 2147483647;
			files = (
				2EBACF79243C03E200829163 /* FyusionTakeHomeTests.swift in Sources */,
			);
			runOnlyForDeploymentPostprocessing = 0;
		};
		2EBACF7B243C03E200829163 /* Sources */ = {
			isa = PBXSourcesBuildPhase;
			buildActionMask = 2147483647;
			files = (
				2EBACF84243C03E200829163 /* FyusionTakeHomeUITests.swift in Sources */,
			);
			runOnlyForDeploymentPostprocessing = 0;
		};
/* End PBXSourcesBuildPhase section */

/* Begin PBXTargetDependency section */
		2EBACF76243C03E200829163 /* PBXTargetDependency */ = {
			isa = PBXTargetDependency;
			target = 2EBACF5D243C03DE00829163 /* FyusionTakeHome */;
			targetProxy = 2EBACF75243C03E200829163 /* PBXContainerItemProxy */;
		};
		2EBACF81243C03E200829163 /* PBXTargetDependency */ = {
			isa = PBXTargetDependency;
			target = 2EBACF5D243C03DE00829163 /* FyusionTakeHome */;
			targetProxy = 2EBACF80243C03E200829163 /* PBXContainerItemProxy */;
		};
/* End PBXTargetDependency section */

/* Begin PBXVariantGroup section */
		2EBACF6C243C03E200829163 /* LaunchScreen.storyboard */ = {
			isa = PBXVariantGroup;
			children = (
				2EBACF6D243C03E200829163 /* Base */,
			);
			name = LaunchScreen.storyboard;
			sourceTree = "<group>";
		};
/* End PBXVariantGroup section */

/* Begin XCBuildConfiguration section */
		2EBACF86243C03E200829163 /* Debug */ = {
			isa = XCBuildConfiguration;
			buildSettings = {
				ALWAYS_SEARCH_USER_PATHS = NO;
				CLANG_ANALYZER_NONNULL = YES;
				CLANG_ANALYZER_NUMBER_OBJECT_CONVERSION = YES_AGGRESSIVE;
				CLANG_CXX_LANGUAGE_STANDARD = "gnu++14";
				CLANG_CXX_LIBRARY = "libc++";
				CLANG_ENABLE_MODULES = YES;
				CLANG_ENABLE_OBJC_ARC = YES;
				CLANG_ENABLE_OBJC_WEAK = YES;
				CLANG_WARN_BLOCK_CAPTURE_AUTORELEASING = YES;
				CLANG_WARN_BOOL_CONVERSION = YES;
				CLANG_WARN_COMMA = YES;
				CLANG_WARN_CONSTANT_CONVERSION = YES;
				CLANG_WARN_DEPRECATED_OBJC_IMPLEMENTATIONS = YES;
				CLANG_WARN_DIRECT_OBJC_ISA_USAGE = YES_ERROR;
				CLANG_WARN_DOCUMENTATION_COMMENTS = YES;
				CLANG_WARN_EMPTY_BODY = YES;
				CLANG_WARN_ENUM_CONVERSION = YES;
				CLANG_WARN_INFINITE_RECURSION = YES;
				CLANG_WARN_INT_CONVERSION = YES;
				CLANG_WARN_NON_LITERAL_NULL_CONVERSION = YES;
				CLANG_WARN_OBJC_IMPLICIT_RETAIN_SELF = YES;
				CLANG_WARN_OBJC_LITERAL_CONVERSION = YES;
				CLANG_WARN_OBJC_ROOT_CLASS = YES_ERROR;
				CLANG_WARN_RANGE_LOOP_ANALYSIS = YES;
				CLANG_WARN_STRICT_PROTOTYPES = YES;
				CLANG_WARN_SUSPICIOUS_MOVE = YES;
				CLANG_WARN_UNGUARDED_AVAILABILITY = YES_AGGRESSIVE;
				CLANG_WARN_UNREACHABLE_CODE = YES;
				CLANG_WARN__DUPLICATE_METHOD_MATCH = YES;
				COPY_PHASE_STRIP = NO;
				DEBUG_INFORMATION_FORMAT = dwarf;
				ENABLE_STRICT_OBJC_MSGSEND = YES;
				ENABLE_TESTABILITY = YES;
				GCC_C_LANGUAGE_STANDARD = gnu11;
				GCC_DYNAMIC_NO_PIC = NO;
				GCC_NO_COMMON_BLOCKS = YES;
				GCC_OPTIMIZATION_LEVEL = 0;
				GCC_PREPROCESSOR_DEFINITIONS = (
					"DEBUG=1",
					"$(inherited)",
				);
				GCC_WARN_64_TO_32_BIT_CONVERSION = YES;
				GCC_WARN_ABOUT_RETURN_TYPE = YES_ERROR;
				GCC_WARN_UNDECLARED_SELECTOR = YES;
				GCC_WARN_UNINITIALIZED_AUTOS = YES_AGGRESSIVE;
				GCC_WARN_UNUSED_FUNCTION = YES;
				GCC_WARN_UNUSED_VARIABLE = YES;
				IPHONEOS_DEPLOYMENT_TARGET = 13.2;
				MTL_ENABLE_DEBUG_INFO = INCLUDE_SOURCE;
				MTL_FAST_MATH = YES;
				ONLY_ACTIVE_ARCH = YES;
				SDKROOT = iphoneos;
				SWIFT_ACTIVE_COMPILATION_CONDITIONS = DEBUG;
				SWIFT_OPTIMIZATION_LEVEL = "-Onone";
			};
			name = Debug;
		};
		2EBACF87243C03E200829163 /* Release */ = {
			isa = XCBuildConfiguration;
			buildSettings = {
				ALWAYS_SEARCH_USER_PATHS = NO;
				CLANG_ANALYZER_NONNULL = YES;
				CLANG_ANALYZER_NUMBER_OBJECT_CONVERSION = YES_AGGRESSIVE;
				CLANG_CXX_LANGUAGE_STANDARD = "gnu++14";
				CLANG_CXX_LIBRARY = "libc++";
				CLANG_ENABLE_MODULES = YES;
				CLANG_ENABLE_OBJC_ARC = YES;
				CLANG_ENABLE_OBJC_WEAK = YES;
				CLANG_WARN_BLOCK_CAPTURE_AUTORELEASING = YES;
				CLANG_WARN_BOOL_CONVERSION = YES;
				CLANG_WARN_COMMA = YES;
				CLANG_WARN_CONSTANT_CONVERSION = YES;
				CLANG_WARN_DEPRECATED_OBJC_IMPLEMENTATIONS = YES;
				CLANG_WARN_DIRECT_OBJC_ISA_USAGE = YES_ERROR;
				CLANG_WARN_DOCUMENTATION_COMMENTS = YES;
				CLANG_WARN_EMPTY_BODY = YES;
				CLANG_WARN_ENUM_CONVERSION = YES;
				CLANG_WARN_INFINITE_RECURSION = YES;
				CLANG_WARN_INT_CONVERSION = YES;
				CLANG_WARN_NON_LITERAL_NULL_CONVERSION = YES;
				CLANG_WARN_OBJC_IMPLICIT_RETAIN_SELF = YES;
				CLANG_WARN_OBJC_LITERAL_CONVERSION = YES;
				CLANG_WARN_OBJC_ROOT_CLASS = YES_ERROR;
				CLANG_WARN_RANGE_LOOP_ANALYSIS = YES;
				CLANG_WARN_STRICT_PROTOTYPES = YES;
				CLANG_WARN_SUSPICIOUS_MOVE = YES;
				CLANG_WARN_UNGUARDED_AVAILABILITY = YES_AGGRESSIVE;
				CLANG_WARN_UNREACHABLE_CODE = YES;
				CLANG_WARN__DUPLICATE_METHOD_MATCH = YES;
				COPY_PHASE_STRIP = NO;
				DEBUG_INFORMATION_FORMAT = "dwarf-with-dsym";
				ENABLE_NS_ASSERTIONS = NO;
				ENABLE_STRICT_OBJC_MSGSEND = YES;
				GCC_C_LANGUAGE_STANDARD = gnu11;
				GCC_NO_COMMON_BLOCKS = YES;
				GCC_WARN_64_TO_32_BIT_CONVERSION = YES;
				GCC_WARN_ABOUT_RETURN_TYPE = YES_ERROR;
				GCC_WARN_UNDECLARED_SELECTOR = YES;
				GCC_WARN_UNINITIALIZED_AUTOS = YES_AGGRESSIVE;
				GCC_WARN_UNUSED_FUNCTION = YES;
				GCC_WARN_UNUSED_VARIABLE = YES;
				IPHONEOS_DEPLOYMENT_TARGET = 13.2;
				MTL_ENABLE_DEBUG_INFO = NO;
				MTL_FAST_MATH = YES;
				SDKROOT = iphoneos;
				SWIFT_COMPILATION_MODE = wholemodule;
				SWIFT_OPTIMIZATION_LEVEL = "-O";
				VALIDATE_PRODUCT = YES;
			};
			name = Release;
		};
		2EBACF89243C03E200829163 /* Debug */ = {
			isa = XCBuildConfiguration;
			buildSettings = {
				ASSETCATALOG_COMPILER_APPICON_NAME = AppIcon;
				CODE_SIGN_STYLE = Automatic;
				DEVELOPMENT_ASSET_PATHS = "\"FyusionTakeHome/Preview Content\"";
				DEVELOPMENT_TEAM = A55978949T;
				ENABLE_PREVIEWS = YES;
				INFOPLIST_FILE = FyusionTakeHome/Info.plist;
				LD_RUNPATH_SEARCH_PATHS = (
					"$(inherited)",
					"@executable_path/Frameworks",
				);
				PRODUCT_BUNDLE_IDENTIFIER = dubovitskiy.kirill.FyusionTakeHome;
				PRODUCT_NAME = "$(TARGET_NAME)";
				SWIFT_VERSION = 5.0;
				TARGETED_DEVICE_FAMILY = "1,2";
			};
			name = Debug;
		};
		2EBACF8A243C03E200829163 /* Release */ = {
			isa = XCBuildConfiguration;
			buildSettings = {
				ASSETCATALOG_COMPILER_APPICON_NAME = AppIcon;
				CODE_SIGN_STYLE = Automatic;
				DEVELOPMENT_ASSET_PATHS = "\"FyusionTakeHome/Preview Content\"";
				DEVELOPMENT_TEAM = A55978949T;
				ENABLE_PREVIEWS = YES;
				INFOPLIST_FILE = FyusionTakeHome/Info.plist;
				LD_RUNPATH_SEARCH_PATHS = (
					"$(inherited)",
					"@executable_path/Frameworks",
				);
				PRODUCT_BUNDLE_IDENTIFIER = dubovitskiy.kirill.FyusionTakeHome;
				PRODUCT_NAME = "$(TARGET_NAME)";
				SWIFT_VERSION = 5.0;
				TARGETED_DEVICE_FAMILY = "1,2";
			};
			name = Release;
		};
		2EBACF8C243C03E200829163 /* Debug */ = {
			isa = XCBuildConfiguration;
			buildSettings = {
				ALWAYS_EMBED_SWIFT_STANDARD_LIBRARIES = YES;
				BUNDLE_LOADER = "$(TEST_HOST)";
				CODE_SIGN_STYLE = Automatic;
				DEVELOPMENT_TEAM = A55978949T;
				INFOPLIST_FILE = FyusionTakeHomeTests/Info.plist;
				IPHONEOS_DEPLOYMENT_TARGET = 13.2;
				LD_RUNPATH_SEARCH_PATHS = (
					"$(inherited)",
					"@executable_path/Frameworks",
					"@loader_path/Frameworks",
				);
				PRODUCT_BUNDLE_IDENTIFIER = dubovitskiy.kirill.FyusionTakeHomeTests;
				PRODUCT_NAME = "$(TARGET_NAME)";
				SWIFT_VERSION = 5.0;
				TARGETED_DEVICE_FAMILY = "1,2";
				TEST_HOST = "$(BUILT_PRODUCTS_DIR)/FyusionTakeHome.app/FyusionTakeHome";
			};
			name = Debug;
		};
		2EBACF8D243C03E200829163 /* Release */ = {
			isa = XCBuildConfiguration;
			buildSettings = {
				ALWAYS_EMBED_SWIFT_STANDARD_LIBRARIES = YES;
				BUNDLE_LOADER = "$(TEST_HOST)";
				CODE_SIGN_STYLE = Automatic;
				DEVELOPMENT_TEAM = A55978949T;
				INFOPLIST_FILE = FyusionTakeHomeTests/Info.plist;
				IPHONEOS_DEPLOYMENT_TARGET = 13.2;
				LD_RUNPATH_SEARCH_PATHS = (
					"$(inherited)",
					"@executable_path/Frameworks",
					"@loader_path/Frameworks",
				);
				PRODUCT_BUNDLE_IDENTIFIER = dubovitskiy.kirill.FyusionTakeHomeTests;
				PRODUCT_NAME = "$(TARGET_NAME)";
				SWIFT_VERSION = 5.0;
				TARGETED_DEVICE_FAMILY = "1,2";
				TEST_HOST = "$(BUILT_PRODUCTS_DIR)/FyusionTakeHome.app/FyusionTakeHome";
			};
			name = Release;
		};
		2EBACF8F243C03E200829163 /* Debug */ = {
			isa = XCBuildConfiguration;
			buildSettings = {
				ALWAYS_EMBED_SWIFT_STANDARD_LIBRARIES = YES;
				CODE_SIGN_STYLE = Automatic;
				DEVELOPMENT_TEAM = A55978949T;
				INFOPLIST_FILE = FyusionTakeHomeUITests/Info.plist;
				LD_RUNPATH_SEARCH_PATHS = (
					"$(inherited)",
					"@executable_path/Frameworks",
					"@loader_path/Frameworks",
				);
				PRODUCT_BUNDLE_IDENTIFIER = dubovitskiy.kirill.FyusionTakeHomeUITests;
				PRODUCT_NAME = "$(TARGET_NAME)";
				SWIFT_VERSION = 5.0;
				TARGETED_DEVICE_FAMILY = "1,2";
				TEST_TARGET_NAME = FyusionTakeHome;
			};
			name = Debug;
		};
		2EBACF90243C03E200829163 /* Release */ = {
			isa = XCBuildConfiguration;
			buildSettings = {
				ALWAYS_EMBED_SWIFT_STANDARD_LIBRARIES = YES;
				CODE_SIGN_STYLE = Automatic;
				DEVELOPMENT_TEAM = A55978949T;
				INFOPLIST_FILE = FyusionTakeHomeUITests/Info.plist;
				LD_RUNPATH_SEARCH_PATHS = (
					"$(inherited)",
					"@executable_path/Frameworks",
					"@loader_path/Frameworks",
				);
				PRODUCT_BUNDLE_IDENTIFIER = dubovitskiy.kirill.FyusionTakeHomeUITests;
				PRODUCT_NAME = "$(TARGET_NAME)";
				SWIFT_VERSION = 5.0;
				TARGETED_DEVICE_FAMILY = "1,2";
				TEST_TARGET_NAME = FyusionTakeHome;
			};
			name = Release;
		};
/* End XCBuildConfiguration section */

/* Begin XCConfigurationList section */
		2EBACF59243C03DE00829163 /* Build configuration list for PBXProject "FyusionTakeHome" */ = {
			isa = XCConfigurationList;
			buildConfigurations = (
				2EBACF86243C03E200829163 /* Debug */,
				2EBACF87243C03E200829163 /* Release */,
			);
			defaultConfigurationIsVisible = 0;
			defaultConfigurationName = Release;
		};
		2EBACF88243C03E200829163 /* Build configuration list for PBXNativeTarget "FyusionTakeHome" */ = {
			isa = XCConfigurationList;
			buildConfigurations = (
				2EBACF89243C03E200829163 /* Debug */,
				2EBACF8A243C03E200829163 /* Release */,
			);
			defaultConfigurationIsVisible = 0;
			defaultConfigurationName = Release;
		};
		2EBACF8B243C03E200829163 /* Build configuration list for PBXNativeTarget "FyusionTakeHomeTests" */ = {
			isa = XCConfigurationList;
			buildConfigurations = (
				2EBACF8C243C03E200829163 /* Debug */,
				2EBACF8D243C03E200829163 /* Release */,
			);
			defaultConfigurationIsVisible = 0;
			defaultConfigurationName = Release;
		};
		2EBACF8E243C03E200829163 /* Build configuration list for PBXNativeTarget "FyusionTakeHomeUITests" */ = {
			isa = XCConfigurationList;
			buildConfigurations = (
				2EBACF8F243C03E200829163 /* Debug */,
				2EBACF90243C03E200829163 /* Release */,
			);
			defaultConfigurationIsVisible = 0;
			defaultConfigurationName = Release;
		};
/* End XCConfigurationList section */
	};
	rootObject = 2EBACF56243C03DE00829163 /* Project object */;
}
